
Microsoft Visual Studio Solution File, Format Version 12.00
# Visual Studio 15
VisualStudioVersion = 15.0.27004.2006
MinimumVisualStudioVersion = 10.0.40219.1
Project("{FAE04EC0-301F-11D3-BF4B-00C04F79EFBC}") = "TP_Othello", "TP_Othello\TP_Othello.csproj", "{3C1BDEBF-5A49-4C20-BB0A-A83A125732B0}"
EndProject
Project("{FAE04EC0-301F-11D3-BF4B-00C04F79EFBC}") = "IA_Grava_Herbelin", "IA_Grava_Herbelin\IA_Grava_Herbelin.csproj", "{4426BD37-365B-4825-AC93-69AF72E9B3AB}"
EndProject
Global
	GlobalSection(SolutionConfigurationPlatforms) = preSolution
		Debug|Any CPU = Debug|Any CPU
		Release|Any CPU = Release|Any CPU
	EndGlobalSection
	GlobalSection(ProjectConfigurationPlatforms) = postSolution
		{3C1BDEBF-5A49-4C20-BB0A-A83A125732B0}.Debug|Any CPU.ActiveCfg = Debug|Any CPU
		{3C1BDEBF-5A49-4C20-BB0A-A83A125732B0}.Debug|Any CPU.Build.0 = Debug|Any CPU
		{3C1BDEBF-5A49-4C20-BB0A-A83A125732B0}.Release|Any CPU.ActiveCfg = Release|Any CPU
		{3C1BDEBF-5A49-4C20-BB0A-A83A125732B0}.Release|Any CPU.Build.0 = Release|Any CPU
		{4426BD37-365B-4825-AC93-69AF72E9B3AB}.Debug|Any CPU.ActiveCfg = Debug|Any CPU
		{4426BD37-365B-4825-AC93-69AF72E9B3AB}.Debug|Any CPU.Build.0 = Debug|Any CPU
		{4426BD37-365B-4825-AC93-69AF72E9B3AB}.Release|Any CPU.ActiveCfg = Release|Any CPU
		{4426BD37-365B-4825-AC93-69AF72E9B3AB}.Release|Any CPU.Build.0 = Release|Any CPU
	EndGlobalSection
	GlobalSection(SolutionProperties) = preSolution
		HideSolutionNode = FALSE
	EndGlobalSection
	GlobalSection(ExtensibilityGlobals) = postSolution
		SolutionGuid = {3619A383-1623-44CA-81D4-548D8335CB70}
	EndGlobalSection
EndGlobal
